
Microsoft Visual Studio Solution File, Format Version 12.00
# Visual Studio Version 16
VisualStudioVersion = 16.0.30413.136
MinimumVisualStudioVersion = 10.0.40219.1
Project("{9A19103F-16F7-4668-BE54-9A1E7A4F7556}") = "HoneyWell.Flight.PriorityService.Api", "..\HoneyWell.Flight.PriorityService.Api\HoneyWell.Flight.PriorityService.Api.csproj", "{544FD9CC-A741-42FD-9AF1-92BFDE7758EC}"
EndProject
Project("{FAE04EC0-301F-11D3-BF4B-00C04F79EFBC}") = "HoneyWell.Flight.Stream.PriorityService.Data", "..\HoneyWell.Flight.Stream.PriorityService.Data\HoneyWell.Flight.Stream.PriorityService.Data.csproj", "{214ED5C9-C789-4294-85EB-2BEC71A81D01}"
EndProject
Global
	GlobalSection(SolutionConfigurationPlatforms) = preSolution
		Debug|Any CPU = Debug|Any CPU
		Release|Any CPU = Release|Any CPU
	EndGlobalSection
	GlobalSection(ProjectConfigurationPlatforms) = postSolution
		{544FD9CC-A741-42FD-9AF1-92BFDE7758EC}.Debug|Any CPU.ActiveCfg = Debug|Any CPU
		{544FD9CC-A741-42FD-9AF1-92BFDE7758EC}.Debug|Any CPU.Build.0 = Debug|Any CPU
		{544FD9CC-A741-42FD-9AF1-92BFDE7758EC}.Release|Any CPU.ActiveCfg = Release|Any CPU
		{544FD9CC-A741-42FD-9AF1-92BFDE7758EC}.Release|Any CPU.Build.0 = Release|Any CPU
		{214ED5C9-C789-4294-85EB-2BEC71A81D01}.Debug|Any CPU.ActiveCfg = Debug|Any CPU
		{214ED5C9-C789-4294-85EB-2BEC71A81D01}.Debug|Any CPU.Build.0 = Debug|Any CPU
		{214ED5C9-C789-4294-85EB-2BEC71A81D01}.Release|Any CPU.ActiveCfg = Release|Any CPU
		{214ED5C9-C789-4294-85EB-2BEC71A81D01}.Release|Any CPU.Build.0 = Release|Any CPU
	EndGlobalSection
	GlobalSection(SolutionProperties) = preSolution
		HideSolutionNode = FALSE
	EndGlobalSection
	GlobalSection(ExtensibilityGlobals) = postSolution
		SolutionGuid = {B7917864-BE09-4808-AB41-4D26CF2C2131}
	EndGlobalSection
EndGlobal
